{
  "requires": true,
  "lockfileVersion": 1,
  "dependencies": {
    "bash-color": {
      "version": "0.0.4",
      "resolved": "https://registry.npmjs.org/bash-color/-/bash-color-0.0.4.tgz",
      "integrity": "sha1-6b6M4zVAytpIgXaMWb1jhlc26RM="
    },
    "commander": {
      "version": "2.20.3",
      "resolved": "https://registry.npmjs.org/commander/-/commander-2.20.3.tgz",
      "integrity": "sha512-GpVkmM8vF2vQUkj2LvZmD35JxeJOLCwJ9cUkugyk2nuhbv3+mJvpLYYt+0+USMxE+oj+ey/lJEnhZw75x/OMcQ=="
    },
    "data.task": {
      "version": "3.1.2",
      "resolved": "https://registry.npmjs.org/data.task/-/data.task-3.1.2.tgz",
      "integrity": "sha512-gGDjno8m/FS1kdMU3EmKcLaO1enFyfCV/EscvDZ4+KZDSg9xHePa2VFfWd+QO5PUp18NdCIziOpaSUE4Efw8/w=="
    },
    "esprima": {
      "version": "2.7.3",
      "resolved": "https://registry.npmjs.org/esprima/-/esprima-2.7.3.tgz",
      "integrity": "sha1-luO3DVd59q1JzQMmc9HDEnZ7pYE="
    },
    "estraverse": {
      "version": "4.3.0",
      "resolved": "https://registry.npmjs.org/estraverse/-/estraverse-4.3.0.tgz",
      "integrity": "sha512-39nnKffWz8xN1BU/2c79n9nB9HDzo0niYUqx6xyqUnyoAnQyyWpOTdZEeiCch8BBu515t4wp9ZmgVfVhn9EBpw=="
    },
    "js2uml": {
      "version": "0.2.3",
      "resolved": "https://registry.npmjs.org/js2uml/-/js2uml-0.2.3.tgz",
      "integrity": "sha1-Vbh8KZNZfsEFCuWCwGv574SiTng=",
      "requires": {
        "bash-color": "0.0.4",
        "commander": "^2.9.0",
        "data.task": "^3.1.0",
        "esprima": "^2.7.3",
        "estraverse": "^4.2.0",
        "moment": "^2.14.1",
        "node-plantuml": "^0.4.4",
        "ramda": "^0.22.1"
      }
    },
    "moment": {
      "version": "2.24.0",
      "resolved": "https://registry.npmjs.org/moment/-/moment-2.24.0.tgz",
      "integrity": "sha512-bV7f+6l2QigeBBZSM/6yTNq4P2fNpSWj/0e7jQcy87A8e7o2nAfP/34/2ky5Vw4B9S446EtIhodAzkFCcR4dQg=="
    },
    "node-nailgun-client": {
      "version": "0.1.2",
      "resolved": "https://registry.npmjs.org/node-nailgun-client/-/node-nailgun-client-0.1.2.tgz",
      "integrity": "sha512-OC611lR0fsDUSptwnhBf8d3sj4DZ5fiRKfS2QaGPe0kR3Dt9YoZr1MY7utK0scFPTbXuQdSBBbeoKYVbME1q5g==",
      "requires": {
        "commander": "^2.8.1"
      }
    },
    "node-nailgun-server": {
      "version": "0.1.4",
      "resolved": "https://registry.npmjs.org/node-nailgun-server/-/node-nailgun-server-0.1.4.tgz",
      "integrity": "sha512-e0Hbh6XPb/7GqATJ45BePaUEO5AwR7InRW/pGeMKHH1cqPMBFCeqdBNfvi+bkVLnsbYOOQE+pAek9nmNoD8sYw==",
      "requires": {
        "commander": "^2.8.1"
      }
    },
    "node-plantuml": {
      "version": "0.4.4",
      "resolved": "https://registry.npmjs.org/node-plantuml/-/node-plantuml-0.4.4.tgz",
      "integrity": "sha1-TXz78pv8JoQBtQRxpjPu8mc0kOQ=",
      "requires": {
        "commander": "^2.8.1",
        "node-nailgun-client": "^0.1.0",
        "node-nailgun-server": "^0.1.3",
        "plantuml-encoder": "^1.2.2"
      }
    },
    "plantuml-encoder": {
      "version": "1.4.0",
      "resolved": "https://registry.npmjs.org/plantuml-encoder/-/plantuml-encoder-1.4.0.tgz",
      "integrity": "sha512-sxMwpDw/ySY1WB2CE3+IdMuEcWibJ72DDOsXLkSmEaSzwEUaYBT6DWgOfBiHGCux4q433X6+OEFWjlVqp7gL6g=="
    },
    "ramda": {
      "version": "0.22.1",
      "resolved": "https://registry.npmjs.org/ramda/-/ramda-0.22.1.tgz",
      "integrity": "sha1-Ax2gw99BfFszyWI0dX6zcDPzag4="
    }
  }
}
